
Microsoft Visual Studio Solution File, Format Version 12.00
# Visual Studio 15
VisualStudioVersion = 15.0.28307.1000
MinimumVisualStudioVersion = 10.0.40219.1
Project("{FAE04EC0-301F-11D3-BF4B-00C04F79EFBC}") = "CancellingTasks", "CancellingTasks\CancellingTasks.csproj", "{EC0B291E-90C8-4065-B527-37BD112D993D}"
EndProject
Global
	GlobalSection(SolutionConfigurationPlatforms) = preSolution
		Debug|Any CPU = Debug|Any CPU
		Release|Any CPU = Release|Any CPU
	EndGlobalSection
	GlobalSection(ProjectConfigurationPlatforms) = postSolution
		{EC0B291E-90C8-4065-B527-37BD112D993D}.Debug|Any CPU.ActiveCfg = Debug|Any CPU
		{EC0B291E-90C8-4065-B527-37BD112D993D}.Debug|Any CPU.Build.0 = Debug|Any CPU
		{EC0B291E-90C8-4065-B527-37BD112D993D}.Release|Any CPU.ActiveCfg = Release|Any CPU
		{EC0B291E-90C8-4065-B527-37BD112D993D}.Release|Any CPU.Build.0 = Release|Any CPU
	EndGlobalSection
	GlobalSection(SolutionProperties) = preSolution
		HideSolutionNode = FALSE
	EndGlobalSection
	GlobalSection(ExtensibilityGlobals) = postSolution
		SolutionGuid = {272D708F-1B94-46A3-B711-31CA167D1523}
	EndGlobalSection
EndGlobal
